
Microsoft Visual Studio Solution File, Format Version 12.00
# Visual Studio Version 16
VisualStudioVersion = 16.0.31624.102
MinimumVisualStudioVersion = 10.0.40219.1
Project("{FAE04EC0-301F-11D3-BF4B-00C04F79EFBC}") = "BookingUI", "BookingApp\BookingUI.csproj", "{65B1BD37-2EBB-4FE6-AEDC-B4BD7C37A9A1}"
EndProject
Project("{FAE04EC0-301F-11D3-BF4B-00C04F79EFBC}") = "BookingLibrary", "BookingLibrary\BookingLibrary.csproj", "{BB0F4E3D-304C-4822-8190-B603D33643ED}"
EndProject
Global
	GlobalSection(SolutionConfigurationPlatforms) = preSolution
		Debug|Any CPU = Debug|Any CPU
		Debug|ARM = Debug|ARM
		Debug|ARM64 = Debug|ARM64
		Debug|x64 = Debug|x64
		Debug|x86 = Debug|x86
		Release|Any CPU = Release|Any CPU
		Release|ARM = Release|ARM
		Release|ARM64 = Release|ARM64
		Release|x64 = Release|x64
		Release|x86 = Release|x86
	EndGlobalSection
	GlobalSection(ProjectConfigurationPlatforms) = postSolution
		{65B1BD37-2EBB-4FE6-AEDC-B4BD7C37A9A1}.Debug|Any CPU.ActiveCfg = Debug|Any CPU
		{65B1BD37-2EBB-4FE6-AEDC-B4BD7C37A9A1}.Debug|Any CPU.Build.0 = Debug|Any CPU
		{65B1BD37-2EBB-4FE6-AEDC-B4BD7C37A9A1}.Debug|ARM.ActiveCfg = Debug|Any CPU
		{65B1BD37-2EBB-4FE6-AEDC-B4BD7C37A9A1}.Debug|ARM.Build.0 = Debug|Any CPU
		{65B1BD37-2EBB-4FE6-AEDC-B4BD7C37A9A1}.Debug|ARM64.ActiveCfg = Debug|Any CPU
		{65B1BD37-2EBB-4FE6-AEDC-B4BD7C37A9A1}.Debug|ARM64.Build.0 = Debug|Any CPU
		{65B1BD37-2EBB-4FE6-AEDC-B4BD7C37A9A1}.Debug|x64.ActiveCfg = Debug|Any CPU
		{65B1BD37-2EBB-4FE6-AEDC-B4BD7C37A9A1}.Debug|x64.Build.0 = Debug|Any CPU
		{65B1BD37-2EBB-4FE6-AEDC-B4BD7C37A9A1}.Debug|x86.ActiveCfg = Debug|Any CPU
		{65B1BD37-2EBB-4FE6-AEDC-B4BD7C37A9A1}.Debug|x86.Build.0 = Debug|Any CPU
		{65B1BD37-2EBB-4FE6-AEDC-B4BD7C37A9A1}.Release|Any CPU.ActiveCfg = Release|Any CPU
		{65B1BD37-2EBB-4FE6-AEDC-B4BD7C37A9A1}.Release|Any CPU.Build.0 = Release|Any CPU
		{65B1BD37-2EBB-4FE6-AEDC-B4BD7C37A9A1}.Release|ARM.ActiveCfg = Release|Any CPU
		{65B1BD37-2EBB-4FE6-AEDC-B4BD7C37A9A1}.Release|ARM.Build.0 = Release|Any CPU
		{65B1BD37-2EBB-4FE6-AEDC-B4BD7C37A9A1}.Release|ARM64.ActiveCfg = Release|Any CPU
		{65B1BD37-2EBB-4FE6-AEDC-B4BD7C37A9A1}.Release|ARM64.Build.0 = Release|Any CPU
		{65B1BD37-2EBB-4FE6-AEDC-B4BD7C37A9A1}.Release|x64.ActiveCfg = Release|Any CPU
		{65B1BD37-2EBB-4FE6-AEDC-B4BD7C37A9A1}.Release|x64.Build.0 = Release|Any CPU
		{65B1BD37-2EBB-4FE6-AEDC-B4BD7C37A9A1}.Release|x86.ActiveCfg = Release|Any CPU
		{65B1BD37-2EBB-4FE6-AEDC-B4BD7C37A9A1}.Release|x86.Build.0 = Release|Any CPU
		{BB0F4E3D-304C-4822-8190-B603D33643ED}.Debug|Any CPU.ActiveCfg = Debug|Any CPU
		{BB0F4E3D-304C-4822-8190-B603D33643ED}.Debug|Any CPU.Build.0 = Debug|Any CPU
		{BB0F4E3D-304C-4822-8190-B603D33643ED}.Debug|ARM.ActiveCfg = Debug|Any CPU
		{BB0F4E3D-304C-4822-8190-B603D33643ED}.Debug|ARM.Build.0 = Debug|Any CPU
		{BB0F4E3D-304C-4822-8190-B603D33643ED}.Debug|ARM64.ActiveCfg = Debug|Any CPU
		{BB0F4E3D-304C-4822-8190-B603D33643ED}.Debug|ARM64.Build.0 = Debug|Any CPU
		{BB0F4E3D-304C-4822-8190-B603D33643ED}.Debug|x64.ActiveCfg = Debug|Any CPU
		{BB0F4E3D-304C-4822-8190-B603D33643ED}.Debug|x64.Build.0 = Debug|Any CPU
		{BB0F4E3D-304C-4822-8190-B603D33643ED}.Debug|x86.ActiveCfg = Debug|Any CPU
		{BB0F4E3D-304C-4822-8190-B603D33643ED}.Debug|x86.Build.0 = Debug|Any CPU
		{BB0F4E3D-304C-4822-8190-B603D33643ED}.Release|Any CPU.ActiveCfg = Release|Any CPU
		{BB0F4E3D-304C-4822-8190-B603D33643ED}.Release|Any CPU.Build.0 = Release|Any CPU
		{BB0F4E3D-304C-4822-8190-B603D33643ED}.Release|ARM.ActiveCfg = Release|Any CPU
		{BB0F4E3D-304C-4822-8190-B603D33643ED}.Release|ARM.Build.0 = Release|Any CPU
		{BB0F4E3D-304C-4822-8190-B603D33643ED}.Release|ARM64.ActiveCfg = Release|Any CPU
		{BB0F4E3D-304C-4822-8190-B603D33643ED}.Release|ARM64.Build.0 = Release|Any CPU
		{BB0F4E3D-304C-4822-8190-B603D33643ED}.Release|x64.ActiveCfg = Release|Any CPU
		{BB0F4E3D-304C-4822-8190-B603D33643ED}.Release|x64.Build.0 = Release|Any CPU
		{BB0F4E3D-304C-4822-8190-B603D33643ED}.Release|x86.ActiveCfg = Release|Any CPU
		{BB0F4E3D-304C-4822-8190-B603D33643ED}.Release|x86.Build.0 = Release|Any CPU
	EndGlobalSection
	GlobalSection(SolutionProperties) = preSolution
		HideSolutionNode = FALSE
	EndGlobalSection
	GlobalSection(ExtensibilityGlobals) = postSolution
		SolutionGuid = {5FA7D554-0E8B-4C88-AC74-54032167EC8E}
	EndGlobalSection
EndGlobal
